
Microsoft Visual Studio Solution File, Format Version 12.00
# Visual Studio Version 16
VisualStudioVersion = 16.0.30413.136
MinimumVisualStudioVersion = 10.0.40219.1
Project("{FAE04EC0-301F-11D3-BF4B-00C04F79EFBC}") = "AutoFrameWork", "AutoFrameWork.csproj", "{E6B36883-D639-42E8-B26C-936500CF9AF4}"
EndProject
Project("{FAE04EC0-301F-11D3-BF4B-00C04F79EFBC}") = "UnitTesting", "..\UnitTesting\UnitTesting.csproj", "{7D9AEF70-4709-4713-A65E-277966228A09}"
EndProject
Global
	GlobalSection(SolutionConfigurationPlatforms) = preSolution
		Debug|Any CPU = Debug|Any CPU
		Release|Any CPU = Release|Any CPU
	EndGlobalSection
	GlobalSection(ProjectConfigurationPlatforms) = postSolution
		{E6B36883-D639-42E8-B26C-936500CF9AF4}.Debug|Any CPU.ActiveCfg = Debug|Any CPU
		{E6B36883-D639-42E8-B26C-936500CF9AF4}.Debug|Any CPU.Build.0 = Debug|Any CPU
		{E6B36883-D639-42E8-B26C-936500CF9AF4}.Release|Any CPU.ActiveCfg = Release|Any CPU
		{E6B36883-D639-42E8-B26C-936500CF9AF4}.Release|Any CPU.Build.0 = Release|Any CPU
		{7D9AEF70-4709-4713-A65E-277966228A09}.Debug|Any CPU.ActiveCfg = Debug|Any CPU
		{7D9AEF70-4709-4713-A65E-277966228A09}.Debug|Any CPU.Build.0 = Debug|Any CPU
		{7D9AEF70-4709-4713-A65E-277966228A09}.Release|Any CPU.ActiveCfg = Release|Any CPU
		{7D9AEF70-4709-4713-A65E-277966228A09}.Release|Any CPU.Build.0 = Release|Any CPU
	EndGlobalSection
	GlobalSection(SolutionProperties) = preSolution
		HideSolutionNode = FALSE
	EndGlobalSection
	GlobalSection(ExtensibilityGlobals) = postSolution
		SolutionGuid = {7BED9EE2-BE71-4594-9870-FB08EC3351F0}
	EndGlobalSection
EndGlobal
